
Microsoft Visual Studio Solution File, Format Version 12.00
Project("{2150E333-8FDC-42A3-9474-1A3956D46DE8}") = "src", "src", "{A12042CF-A0F2-4D58-951C-D33F77917F6C}"
EndProject
Project("{2150E333-8FDC-42A3-9474-1A3956D46DE8}") = "test", "test", "{FED67B54-D7BA-48EB-908F-CA70B72248E0}"
EndProject
Project("{2150E333-8FDC-42A3-9474-1A3956D46DE8}") = "UI", "UI", "{E4FA9A90-92CD-41BD-BDB1-C77B7C020ACF}"
EndProject
Project("{2150E333-8FDC-42A3-9474-1A3956D46DE8}") = "Core", "Core", "{045E4126-25D9-4404-902B-FB5038B0E70F}"
EndProject
Project("{2150E333-8FDC-42A3-9474-1A3956D46DE8}") = "Infrastructure", "Infrastructure", "{E02D05A1-8684-4796-B5F7-568177EE976B}"
EndProject
Project("{2150E333-8FDC-42A3-9474-1A3956D46DE8}") = "API", "API", "{A2694D2F-177F-4E20-A43C-8A939E15A749}"
EndProject
Project("{FAE04EC0-301F-11D3-BF4B-00C04F79EFBC}") = "GRLeaveManagement.Domain", "GRLeaveManagement.Domain\GRLeaveManagement.Domain.csproj", "{06F31750-A6FA-43A6-A249-AD1A64B70401}"
EndProject
Project("{FAE04EC0-301F-11D3-BF4B-00C04F79EFBC}") = "HRLeaveManagement.Application", "HRLeaveManagement.Application\HRLeaveManagement.Application.csproj", "{96F8C1D5-16D3-42B8-97A7-79688DC0D690}"
EndProject
Project("{FAE04EC0-301F-11D3-BF4B-00C04F79EFBC}") = "HRLeaveManagement.Persistence", "HRLeaveManagement.Persistence\HRLeaveManagement.Persistence.csproj", "{8F3C31EE-E4F1-46A3-8B2C-FD4246A1EFF5}"
EndProject
Project("{FAE04EC0-301F-11D3-BF4B-00C04F79EFBC}") = "HRLeaveManagement.Infrastructure", "HRLeaveManagement.Infrastructure\HRLeaveManagement.Infrastructure.csproj", "{C9F95A0A-408E-4EC4-82CF-7FA0A1D5B9B0}"
EndProject
Project("{FAE04EC0-301F-11D3-BF4B-00C04F79EFBC}") = "HRLeaveManagement.Api", "HRLeaveManagement.Api\HRLeaveManagement.Api.csproj", "{91D16585-FEAF-4290-BA6D-48C3FC9E3B92}"
EndProject
Global
	GlobalSection(SolutionConfigurationPlatforms) = preSolution
		Debug|Any CPU = Debug|Any CPU
		Release|Any CPU = Release|Any CPU
	EndGlobalSection
	GlobalSection(NestedProjects) = preSolution
		{E4FA9A90-92CD-41BD-BDB1-C77B7C020ACF} = {A12042CF-A0F2-4D58-951C-D33F77917F6C}
		{045E4126-25D9-4404-902B-FB5038B0E70F} = {A12042CF-A0F2-4D58-951C-D33F77917F6C}
		{E02D05A1-8684-4796-B5F7-568177EE976B} = {A12042CF-A0F2-4D58-951C-D33F77917F6C}
		{A2694D2F-177F-4E20-A43C-8A939E15A749} = {A12042CF-A0F2-4D58-951C-D33F77917F6C}
		{96F8C1D5-16D3-42B8-97A7-79688DC0D690} = {045E4126-25D9-4404-902B-FB5038B0E70F}
		{8F3C31EE-E4F1-46A3-8B2C-FD4246A1EFF5} = {E02D05A1-8684-4796-B5F7-568177EE976B}
		{C9F95A0A-408E-4EC4-82CF-7FA0A1D5B9B0} = {E02D05A1-8684-4796-B5F7-568177EE976B}
		{06F31750-A6FA-43A6-A249-AD1A64B70401} = {045E4126-25D9-4404-902B-FB5038B0E70F}
		{91D16585-FEAF-4290-BA6D-48C3FC9E3B92} = {A2694D2F-177F-4E20-A43C-8A939E15A749}
	EndGlobalSection
	GlobalSection(ProjectConfigurationPlatforms) = postSolution
		{06F31750-A6FA-43A6-A249-AD1A64B70401}.Debug|Any CPU.ActiveCfg = Debug|Any CPU
		{06F31750-A6FA-43A6-A249-AD1A64B70401}.Debug|Any CPU.Build.0 = Debug|Any CPU
		{06F31750-A6FA-43A6-A249-AD1A64B70401}.Release|Any CPU.ActiveCfg = Release|Any CPU
		{06F31750-A6FA-43A6-A249-AD1A64B70401}.Release|Any CPU.Build.0 = Release|Any CPU
		{96F8C1D5-16D3-42B8-97A7-79688DC0D690}.Debug|Any CPU.ActiveCfg = Debug|Any CPU
		{96F8C1D5-16D3-42B8-97A7-79688DC0D690}.Debug|Any CPU.Build.0 = Debug|Any CPU
		{96F8C1D5-16D3-42B8-97A7-79688DC0D690}.Release|Any CPU.ActiveCfg = Release|Any CPU
		{96F8C1D5-16D3-42B8-97A7-79688DC0D690}.Release|Any CPU.Build.0 = Release|Any CPU
		{8F3C31EE-E4F1-46A3-8B2C-FD4246A1EFF5}.Debug|Any CPU.ActiveCfg = Debug|Any CPU
		{8F3C31EE-E4F1-46A3-8B2C-FD4246A1EFF5}.Debug|Any CPU.Build.0 = Debug|Any CPU
		{8F3C31EE-E4F1-46A3-8B2C-FD4246A1EFF5}.Release|Any CPU.ActiveCfg = Release|Any CPU
		{8F3C31EE-E4F1-46A3-8B2C-FD4246A1EFF5}.Release|Any CPU.Build.0 = Release|Any CPU
		{C9F95A0A-408E-4EC4-82CF-7FA0A1D5B9B0}.Debug|Any CPU.ActiveCfg = Debug|Any CPU
		{C9F95A0A-408E-4EC4-82CF-7FA0A1D5B9B0}.Debug|Any CPU.Build.0 = Debug|Any CPU
		{C9F95A0A-408E-4EC4-82CF-7FA0A1D5B9B0}.Release|Any CPU.ActiveCfg = Release|Any CPU
		{C9F95A0A-408E-4EC4-82CF-7FA0A1D5B9B0}.Release|Any CPU.Build.0 = Release|Any CPU
		{91D16585-FEAF-4290-BA6D-48C3FC9E3B92}.Debug|Any CPU.ActiveCfg = Debug|Any CPU
		{91D16585-FEAF-4290-BA6D-48C3FC9E3B92}.Debug|Any CPU.Build.0 = Debug|Any CPU
		{91D16585-FEAF-4290-BA6D-48C3FC9E3B92}.Release|Any CPU.ActiveCfg = Release|Any CPU
		{91D16585-FEAF-4290-BA6D-48C3FC9E3B92}.Release|Any CPU.Build.0 = Release|Any CPU
	EndGlobalSection
EndGlobal
